
Microsoft Visual Studio Solution File, Format Version 12.00
# Visual Studio Version 17
VisualStudioVersion = 17.11.35219.272
MinimumVisualStudioVersion = 10.0.40219.1
Project("{FAE04EC0-301F-11D3-BF4B-00C04F79EFBC}") = "Project Structure", "Project Structure\Project Structure.csproj", "{EB875CAB-8A07-4747-BA65-A824367B1289}"
EndProject
Global
	GlobalSection(SolutionConfigurationPlatforms) = preSolution
		Debug|Any CPU = Debug|Any CPU
		Release|Any CPU = Release|Any CPU
	EndGlobalSection
	GlobalSection(ProjectConfigurationPlatforms) = postSolution
		{EB875CAB-8A07-4747-BA65-A824367B1289}.Debug|Any CPU.ActiveCfg = Debug|Any CPU
		{EB875CAB-8A07-4747-BA65-A824367B1289}.Debug|Any CPU.Build.0 = Debug|Any CPU
		{EB875CAB-8A07-4747-BA65-A824367B1289}.Release|Any CPU.ActiveCfg = Release|Any CPU
		{EB875CAB-8A07-4747-BA65-A824367B1289}.Release|Any CPU.Build.0 = Release|Any CPU
	EndGlobalSection
	GlobalSection(SolutionProperties) = preSolution
		HideSolutionNode = FALSE
	EndGlobalSection
	GlobalSection(ExtensibilityGlobals) = postSolution
		SolutionGuid = {F70569D4-A30A-4956-9ED1-75D5B9704990}
	EndGlobalSection
EndGlobal
